{
  "nodes": {
    "nixpkgs": {
      "locked": {
        "lastModified": 1,
        "narHash": "sha256-Yp89mRbeLwIkuSy7QASbT1/5BA9Glh+UwpvlUbi+Zhc=",
        "path": "/nix/store/b6vdwxgca2jjrh4xr5whg6bazmy27cz8-nixpkgs-patched-15e7094",
        "type": "path"
      },
      "original": {
        "id": "nixpkgs",
        "type": "indirect"
      }
    },
    "root": {
      "inputs": {
        "nixpkgs": "nixpkgs"
      }
    }
  },
  "root": "root",
  "version": 7
}
